
Microsoft Visual Studio Solution File, Format Version 12.00
# Visual Studio Version 17
VisualStudioVersion = 17.12.35527.113 d17.12
MinimumVisualStudioVersion = 10.0.40219.1
Project("{FAE04EC0-301F-11D3-BF4B-00C04F79EFBC}") = "EX15A_PRL_170925", "EX15A_PRL_170925\EX15A_PRL_170925.csproj", "{B356C8DB-3437-4720-A35E-DDB7E79EA434}"
EndProject
Global
	GlobalSection(SolutionConfigurationPlatforms) = preSolution
		Debug|Any CPU = Debug|Any CPU
		Release|Any CPU = Release|Any CPU
	EndGlobalSection
	GlobalSection(ProjectConfigurationPlatforms) = postSolution
		{B356C8DB-3437-4720-A35E-DDB7E79EA434}.Debug|Any CPU.ActiveCfg = Debug|Any CPU
		{B356C8DB-3437-4720-A35E-DDB7E79EA434}.Debug|Any CPU.Build.0 = Debug|Any CPU
		{B356C8DB-3437-4720-A35E-DDB7E79EA434}.Release|Any CPU.ActiveCfg = Release|Any CPU
		{B356C8DB-3437-4720-A35E-DDB7E79EA434}.Release|Any CPU.Build.0 = Release|Any CPU
	EndGlobalSection
	GlobalSection(SolutionProperties) = preSolution
		HideSolutionNode = FALSE
	EndGlobalSection
EndGlobal
