
Microsoft Visual Studio Solution File, Format Version 12.00
# Visual Studio Version 17
VisualStudioVersion = 17.14.36414.22 d17.14
MinimumVisualStudioVersion = 10.0.40219.1
Project("{FAE04EC0-301F-11D3-BF4B-00C04F79EFBC}") = "Ex18_PRL_250925", "Ex18_PRL_250925\Ex18_PRL_250925.csproj", "{22346390-01AF-4A7F-8031-18902277F962}"
EndProject
Global
	GlobalSection(SolutionConfigurationPlatforms) = preSolution
		Debug|Any CPU = Debug|Any CPU
		Release|Any CPU = Release|Any CPU
	EndGlobalSection
	GlobalSection(ProjectConfigurationPlatforms) = postSolution
		{22346390-01AF-4A7F-8031-18902277F962}.Debug|Any CPU.ActiveCfg = Debug|Any CPU
		{22346390-01AF-4A7F-8031-18902277F962}.Debug|Any CPU.Build.0 = Debug|Any CPU
		{22346390-01AF-4A7F-8031-18902277F962}.Release|Any CPU.ActiveCfg = Release|Any CPU
		{22346390-01AF-4A7F-8031-18902277F962}.Release|Any CPU.Build.0 = Release|Any CPU
	EndGlobalSection
	GlobalSection(SolutionProperties) = preSolution
		HideSolutionNode = FALSE
	EndGlobalSection
	GlobalSection(ExtensibilityGlobals) = postSolution
		SolutionGuid = {AE321720-FD8E-407E-A6F9-B70E6C329E13}
	EndGlobalSection
EndGlobal
