
Microsoft Visual Studio Solution File, Format Version 12.00
# Visual Studio Version 17
VisualStudioVersion = 17.14.36429.23 d17.14
MinimumVisualStudioVersion = 10.0.40219.1
Project("{FAE04EC0-301F-11D3-BF4B-00C04F79EFBC}") = "Ex02_PRL_070825", "Ex02_PRL_070825\Ex02_PRL_070825.csproj", "{C7AB7B5A-7797-4815-B317-2EDB608C76EF}"
EndProject
Global
	GlobalSection(SolutionConfigurationPlatforms) = preSolution
		Debug|Any CPU = Debug|Any CPU
		Release|Any CPU = Release|Any CPU
	EndGlobalSection
	GlobalSection(ProjectConfigurationPlatforms) = postSolution
		{C7AB7B5A-7797-4815-B317-2EDB608C76EF}.Debug|Any CPU.ActiveCfg = Debug|Any CPU
		{C7AB7B5A-7797-4815-B317-2EDB608C76EF}.Debug|Any CPU.Build.0 = Debug|Any CPU
		{C7AB7B5A-7797-4815-B317-2EDB608C76EF}.Release|Any CPU.ActiveCfg = Release|Any CPU
		{C7AB7B5A-7797-4815-B317-2EDB608C76EF}.Release|Any CPU.Build.0 = Release|Any CPU
	EndGlobalSection
	GlobalSection(SolutionProperties) = preSolution
		HideSolutionNode = FALSE
	EndGlobalSection
	GlobalSection(ExtensibilityGlobals) = postSolution
		SolutionGuid = {17D80CBB-6ECE-421E-88BA-31B0EDC0C70E}
	EndGlobalSection
EndGlobal
