
Microsoft Visual Studio Solution File, Format Version 12.00
# Visual Studio Version 17
VisualStudioVersion = 17.12.35527.113 d17.12
MinimumVisualStudioVersion = 10.0.40219.1
Project("{FAE04EC0-301F-11D3-BF4B-00C04F79EFBC}") = "TL02_PRL_130825", "TL02_PRL_130825\TL02_PRL_130825.csproj", "{D6B5573E-306F-40BD-869F-26EFA178702D}"
EndProject
Global
	GlobalSection(SolutionConfigurationPlatforms) = preSolution
		Debug|Any CPU = Debug|Any CPU
		Release|Any CPU = Release|Any CPU
	EndGlobalSection
	GlobalSection(ProjectConfigurationPlatforms) = postSolution
		{D6B5573E-306F-40BD-869F-26EFA178702D}.Debug|Any CPU.ActiveCfg = Debug|Any CPU
		{D6B5573E-306F-40BD-869F-26EFA178702D}.Debug|Any CPU.Build.0 = Debug|Any CPU
		{D6B5573E-306F-40BD-869F-26EFA178702D}.Release|Any CPU.ActiveCfg = Release|Any CPU
		{D6B5573E-306F-40BD-869F-26EFA178702D}.Release|Any CPU.Build.0 = Release|Any CPU
	EndGlobalSection
	GlobalSection(SolutionProperties) = preSolution
		HideSolutionNode = FALSE
	EndGlobalSection
EndGlobal
