
Microsoft Visual Studio Solution File, Format Version 12.00
# Visual Studio Version 17
VisualStudioVersion = 17.14.36518.9 d17.14
MinimumVisualStudioVersion = 10.0.40219.1
Project("{FAE04EC0-301F-11D3-BF4B-00C04F79EFBC}") = "EX35_PRL_021225", "EX35_PRL_021225\EX35_PRL_021225.csproj", "{42A54780-D9F9-4F6A-958F-B03A7C100A24}"
EndProject
Global
	GlobalSection(SolutionConfigurationPlatforms) = preSolution
		Debug|Any CPU = Debug|Any CPU
		Release|Any CPU = Release|Any CPU
	EndGlobalSection
	GlobalSection(ProjectConfigurationPlatforms) = postSolution
		{42A54780-D9F9-4F6A-958F-B03A7C100A24}.Debug|Any CPU.ActiveCfg = Debug|Any CPU
		{42A54780-D9F9-4F6A-958F-B03A7C100A24}.Debug|Any CPU.Build.0 = Debug|Any CPU
		{42A54780-D9F9-4F6A-958F-B03A7C100A24}.Release|Any CPU.ActiveCfg = Release|Any CPU
		{42A54780-D9F9-4F6A-958F-B03A7C100A24}.Release|Any CPU.Build.0 = Release|Any CPU
	EndGlobalSection
	GlobalSection(SolutionProperties) = preSolution
		HideSolutionNode = FALSE
	EndGlobalSection
	GlobalSection(ExtensibilityGlobals) = postSolution
		SolutionGuid = {C5355CAA-325E-4AF1-B515-8B9965B833F4}
	EndGlobalSection
EndGlobal
